{
  "requires": true,
  "lockfileVersion": 1,
  "dependencies": {
    "monaco-editor": {
      "version": "0.25.1",
      "resolved": "https://registry.npmjs.org/monaco-editor/-/monaco-editor-0.25.1.tgz",
      "integrity": "sha512-JAuG7btKSZIjcyNlKD6jCV8eHR/y4uyMJ3NHmCb5BKj+zdl1C67BPQ03hgkIz+3t51oaQiqa8DgM9bO4Q2Lskw=="
    }
  }
}
